{
  "lockfileVersion": 1,
  "workspaces": {
    "": {
      "name": "honoconf-stat",
      "dependencies": {
        "@elysiajs/eden": "^1.4.3",
        "@hono/standard-validator": "^0.1.5",
        "@orpc/client": "^1.9.3",
        "@orpc/server": "^1.9.3",
        "@trpc/client": "^11.6.0",
        "@trpc/server": "^11.6.0",
        "elysia": "^1.4.11",
        "hono": "^4.9.12",
        "valibot": "^1.1.0",
        "zod": "^4.1.12",
      },
      "devDependencies": {
        "@types/bun": "latest",
      },
      "peerDependencies": {
        "typescript": "^5",
      },
    },
  },
  "packages": {
    "@borewit/text-codec": ["@borewit/text-codec@0.1.1", "", {}, "sha512-5L/uBxmjaCIX5h8Z+uu+kA9BQLkc/Wl06UGR5ajNRxu+/XjonB5i8JpgFMrPj3LXTCPA0pv8yxUvbUi+QthGGA=="],

    "@elysiajs/eden": ["@elysiajs/eden@1.4.3", "", { "peerDependencies": { "elysia": ">= 1.4.0-exp.0" } }, "sha512-mX0v5cTvTJiDsDWNEEyuoqudOvW5J+tXsvp/ZOJXJF3iCIEJI0Brvm78ymPrvwiOG4nUr3lS8BxUfbNf32DSXA=="],

    "@hono/standard-validator": ["@hono/standard-validator@0.1.5", "", { "peerDependencies": { "@standard-schema/spec": "1.0.0", "hono": ">=3.9.0" } }, "sha512-EIyZPPwkyLn6XKwFj5NBEWHXhXbgmnVh2ceIFo5GO7gKI9WmzTjPDKnppQB0KrqKeAkq3kpoW4SIbu5X1dgx3w=="],

    "@orpc/client": ["@orpc/client@1.9.3", "", { "dependencies": { "@orpc/shared": "1.9.3", "@orpc/standard-server": "1.9.3", "@orpc/standard-server-fetch": "1.9.3", "@orpc/standard-server-peer": "1.9.3" } }, "sha512-QUmXGIdkqP4F8VL+dCRxE0YPrnTS6LBl8OBmhT+FX7Glrd/aiZKOKU1qDBSddld62d0qsiRyoTyMtghnxvid2A=="],

    "@orpc/contract": ["@orpc/contract@1.9.3", "", { "dependencies": { "@orpc/client": "1.9.3", "@orpc/shared": "1.9.3", "@standard-schema/spec": "^1.0.0", "openapi-types": "^12.1.3" } }, "sha512-iD1LOYfTh/f2rnG3FQLCmM6bHWh/5E7TAX1MsmMwSlJrZXPz8GydK+tq3mK7Q6+O9Wslfo/HQIYfa1eTP0hBqA=="],

    "@orpc/interop": ["@orpc/interop@1.9.3", "", {}, "sha512-RuUwnsYBdDCqJ6x6INh/kRuXqOl2mQreK/oXZDp1Af4vhyESj+SW0AP56KM5x67Ww1UxcQLROJo10cGIsAWB6Q=="],

    "@orpc/server": ["@orpc/server@1.9.3", "", { "dependencies": { "@orpc/client": "1.9.3", "@orpc/contract": "1.9.3", "@orpc/interop": "1.9.3", "@orpc/shared": "1.9.3", "@orpc/standard-server": "1.9.3", "@orpc/standard-server-aws-lambda": "1.9.3", "@orpc/standard-server-fetch": "1.9.3", "@orpc/standard-server-node": "1.9.3", "@orpc/standard-server-peer": "1.9.3", "cookie": "^1.0.2" }, "peerDependencies": { "crossws": ">=0.3.4", "ws": ">=8.18.1" }, "optionalPeers": ["crossws", "ws"] }, "sha512-+FGFh+71Ya154xz6N8+0iT+cA77IPRSzplSt3T2Jlv86cLCy5ky0D12IvDW5LFHCWocONLZQSnMjWOcymTHZoA=="],

    "@orpc/shared": ["@orpc/shared@1.9.3", "", { "dependencies": { "radash": "^12.1.1", "type-fest": "^5.0.1" }, "peerDependencies": { "@opentelemetry/api": ">=1.9.0" }, "optionalPeers": ["@opentelemetry/api"] }, "sha512-9XwaKQ7bevh4r4112g2M7sAHZBIeJgMdCkw81UjvwkJD+WShGdWkdt/ieOJSYqxBB/CXD0NHDs4g2C4NrmLsNg=="],

    "@orpc/standard-server": ["@orpc/standard-server@1.9.3", "", { "dependencies": { "@orpc/shared": "1.9.3" } }, "sha512-ggXGMXZw/TdJ3tw4utLqrnPlUpIJgEv0HxZuvu0MATMkU4WxUzITJg1ufteYt3E9Wn4AovebZQKyKU+TgAVnyQ=="],

    "@orpc/standard-server-aws-lambda": ["@orpc/standard-server-aws-lambda@1.9.3", "", { "dependencies": { "@orpc/shared": "1.9.3", "@orpc/standard-server": "1.9.3", "@orpc/standard-server-fetch": "1.9.3", "@orpc/standard-server-node": "1.9.3" } }, "sha512-225zWP7bfbHbRyAyMKB9q1jop1GkpYHScEw/zXRDvQCf3ZIE8iVImEOj9xBjU/zp1N1W0LAa6oxKYfVhV8hKIA=="],

    "@orpc/standard-server-fetch": ["@orpc/standard-server-fetch@1.9.3", "", { "dependencies": { "@orpc/shared": "1.9.3", "@orpc/standard-server": "1.9.3" } }, "sha512-Yzb7E1fs75MdZ/SP7rgy2mcpbQvzN19YgoqMWsbbvbzeovEExYLo9IS4L+kxwahNAapPuC4RrpFFAWqa/BDHrQ=="],

    "@orpc/standard-server-node": ["@orpc/standard-server-node@1.9.3", "", { "dependencies": { "@orpc/shared": "1.9.3", "@orpc/standard-server": "1.9.3", "@orpc/standard-server-fetch": "1.9.3" } }, "sha512-QKscNdQbDIhbUGp6dkukVwW59frhIAf/WzmrYNgVuUIsAGWibqobtgOTkgwGRWd9ZxRMYYIijVIJCy13pGrhHw=="],

    "@orpc/standard-server-peer": ["@orpc/standard-server-peer@1.9.3", "", { "dependencies": { "@orpc/shared": "1.9.3", "@orpc/standard-server": "1.9.3" } }, "sha512-L5lOe9PQhPiJ5AAB63dj50DrTvjoHTc64AXanxkIEZa0koaypR419Hh2inydyHTdIm8cgMdV4k6kAq9n6il/TQ=="],

    "@sinclair/typebox": ["@sinclair/typebox@0.34.41", "", {}, "sha512-6gS8pZzSXdyRHTIqoqSVknxolr1kzfy4/CeDnrzsVz8TTIWUbOBr6gnzOmTYJ3eXQNh4IYHIGi5aIL7sOZ2G/g=="],

    "@standard-schema/spec": ["@standard-schema/spec@1.0.0", "", {}, "sha512-m2bOd0f2RT9k8QJx1JN85cZYyH1RqFBdlwtkSlf4tBDYLCiiZnv1fIIwacK6cqwXavOydf0NPToMQgpKq+dVlA=="],

    "@tokenizer/inflate": ["@tokenizer/inflate@0.2.7", "", { "dependencies": { "debug": "^4.4.0", "fflate": "^0.8.2", "token-types": "^6.0.0" } }, "sha512-MADQgmZT1eKjp06jpI2yozxaU9uVs4GzzgSL+uEq7bVcJ9V1ZXQkeGNql1fsSI0gMy1vhvNTNbUqrx+pZfJVmg=="],

    "@tokenizer/token": ["@tokenizer/token@0.3.0", "", {}, "sha512-OvjF+z51L3ov0OyAU0duzsYuvO01PH7x4t6DJx+guahgTnBHkhJdG7soQeTSFLWN3efnHyibZ4Z8l2EuWwJN3A=="],

    "@trpc/client": ["@trpc/client@11.6.0", "", { "peerDependencies": { "@trpc/server": "11.6.0", "typescript": ">=5.7.2" } }, "sha512-DyWbYk2hd50BaVrXWVkaUnaSwgAF5g/lfBkXtkF1Aqlk6BtSzGUo3owPkgqQO2I5LwWy1+ra9TsSfBBvIZpTwg=="],

    "@trpc/server": ["@trpc/server@11.6.0", "", { "peerDependencies": { "typescript": ">=5.7.2" } }, "sha512-skTso0AWbOZck40jwNeYv++AMZXNWLUWdyk+pB5iVaYmEKTuEeMoPrEudR12VafbEU6tZa8HK3QhBfTYYHDCdg=="],

    "@types/bun": ["@types/bun@1.3.0", "", { "dependencies": { "bun-types": "1.3.0" } }, "sha512-+lAGCYjXjip2qY375xX/scJeVRmZ5cY0wyHYyCYxNcdEXrQ4AOe3gACgd4iQ8ksOslJtW4VNxBJ8llUwc3a6AA=="],

    "@types/node": ["@types/node@24.7.1", "", { "dependencies": { "undici-types": "~7.14.0" } }, "sha512-CmyhGZanP88uuC5GpWU9q+fI61j2SkhO3UGMUdfYRE6Bcy0ccyzn1Rqj9YAB/ZY4kOXmNf0ocah5GtphmLMP6Q=="],

    "@types/react": ["@types/react@19.2.2", "", { "dependencies": { "csstype": "^3.0.2" } }, "sha512-6mDvHUFSjyT2B2yeNx2nUgMxh9LtOWvkhIU3uePn2I2oyNymUAX1NIsdgviM4CH+JSrp2D2hsMvJOkxY+0wNRA=="],

    "bun-types": ["bun-types@1.3.0", "", { "dependencies": { "@types/node": "*" }, "peerDependencies": { "@types/react": "^19" } }, "sha512-u8X0thhx+yJ0KmkxuEo9HAtdfgCBaM/aI9K90VQcQioAmkVp3SG3FkwWGibUFz3WdXAdcsqOcbU40lK7tbHdkQ=="],

    "cookie": ["cookie@1.0.2", "", {}, "sha512-9Kr/j4O16ISv8zBBhJoi4bXOYNTkFLOqSL3UDB0njXxCXNezjeyVrJyGOWtgfs/q2km1gwBcfH8q1yEGoMYunA=="],

    "csstype": ["csstype@3.1.3", "", {}, "sha512-M1uQkMl8rQK/szD0LNhtqxIPLpimGm8sOBwU7lLnCpSbTyY3yeU1Vc7l4KT5zT4s/yOxHH5O7tIuuLOCnLADRw=="],

    "debug": ["debug@4.4.3", "", { "dependencies": { "ms": "^2.1.3" } }, "sha512-RGwwWnwQvkVfavKVt22FGLw+xYSdzARwm0ru6DhTVA3umU5hZc28V3kO4stgYryrTlLpuvgI9GiijltAjNbcqA=="],

    "elysia": ["elysia@1.4.11", "", { "dependencies": { "cookie": "^1.0.2", "exact-mirror": "0.2.2", "fast-decode-uri-component": "^1.0.1" }, "peerDependencies": { "@sinclair/typebox": ">= 0.34.0 < 1", "file-type": ">= 20.0.0", "openapi-types": ">= 12.0.0", "typescript": ">= 5.0.0" }, "optionalPeers": ["typescript"] }, "sha512-cphuzQj0fRw1ICRvwHy2H3xQio9bycaZUVHnDHJQnKqBfMNlZ+Hzj6TMmt9lc0Az0mvbCnPXWVF7y1MCRhUuOA=="],

    "exact-mirror": ["exact-mirror@0.2.2", "", { "peerDependencies": { "@sinclair/typebox": "^0.34.15" }, "optionalPeers": ["@sinclair/typebox"] }, "sha512-CrGe+4QzHZlnrXZVlo/WbUZ4qQZq8C0uATQVGVgXIrNXgHDBBNFD1VRfssRA2C9t3RYvh3MadZSdg2Wy7HBoQA=="],

    "fast-decode-uri-component": ["fast-decode-uri-component@1.0.1", "", {}, "sha512-WKgKWg5eUxvRZGwW8FvfbaH7AXSh2cL+3j5fMGzUMCxWBJ3dV3a7Wz8y2f/uQ0e3B6WmodD3oS54jTQ9HVTIIg=="],

    "fflate": ["fflate@0.8.2", "", {}, "sha512-cPJU47OaAoCbg0pBvzsgpTPhmhqI5eJjh/JIu8tPj5q+T7iLvW/JAYUqmE7KOB4R1ZyEhzBaIQpQpardBF5z8A=="],

    "file-type": ["file-type@21.0.0", "", { "dependencies": { "@tokenizer/inflate": "^0.2.7", "strtok3": "^10.2.2", "token-types": "^6.0.0", "uint8array-extras": "^1.4.0" } }, "sha512-ek5xNX2YBYlXhiUXui3D/BXa3LdqPmoLJ7rqEx2bKJ7EAUEfmXgW0Das7Dc6Nr9MvqaOnIqiPV0mZk/r/UpNAg=="],

    "hono": ["hono@4.9.12", "", {}, "sha512-SrTC0YxqPwnN7yKa8gg/giLyQ2pILCKoideIHbYbFQlWZjYt68D2A4Ae1hehO/aDQ6RmTcpqOV/O2yBtMzx/VQ=="],

    "ieee754": ["ieee754@1.2.1", "", {}, "sha512-dcyqhDvX1C46lXZcVqCpK+FtMRQVdIMN6/Df5js2zouUsqG7I6sFxitIC+7KYK29KdXOLHdu9zL4sFnoVQnqaA=="],

    "ms": ["ms@2.1.3", "", {}, "sha512-6FlzubTLZG3J2a/NVCAleEhjzq5oxgHyaCU9yYXvcLsvoVaHJq/s5xXI6/XXP6tz7R9xAOtHnSO/tXtF3WRTlA=="],

    "openapi-types": ["openapi-types@12.1.3", "", {}, "sha512-N4YtSYJqghVu4iek2ZUvcN/0aqH1kRDuNqzcycDxhOUpg7GdvLa2F3DgS6yBNhInhv2r/6I0Flkn7CqL8+nIcw=="],

    "radash": ["radash@12.1.1", "", {}, "sha512-h36JMxKRqrAxVD8201FrCpyeNuUY9Y5zZwujr20fFO77tpUtGa6EZzfKw/3WaiBX95fq7+MpsuMLNdSnORAwSA=="],

    "strtok3": ["strtok3@10.3.4", "", { "dependencies": { "@tokenizer/token": "^0.3.0" } }, "sha512-KIy5nylvC5le1OdaaoCJ07L+8iQzJHGH6pWDuzS+d07Cu7n1MZ2x26P8ZKIWfbK02+XIL8Mp4RkWeqdUCrDMfg=="],

    "tagged-tag": ["tagged-tag@1.0.0", "", {}, "sha512-yEFYrVhod+hdNyx7g5Bnkkb0G6si8HJurOoOEgC8B/O0uXLHlaey/65KRv6cuWBNhBgHKAROVpc7QyYqE5gFng=="],

    "token-types": ["token-types@6.1.1", "", { "dependencies": { "@borewit/text-codec": "^0.1.0", "@tokenizer/token": "^0.3.0", "ieee754": "^1.2.1" } }, "sha512-kh9LVIWH5CnL63Ipf0jhlBIy0UsrMj/NJDfpsy1SqOXlLKEVyXXYrnFxFT1yOOYVGBSApeVnjPw/sBz5BfEjAQ=="],

    "type-fest": ["type-fest@5.1.0", "", { "dependencies": { "tagged-tag": "^1.0.0" } }, "sha512-wQ531tuWvB6oK+pchHIu5lHe5f5wpSCqB8Kf4dWQRbOYc9HTge7JL0G4Qd44bh6QuJCccIzL3bugb8GI0MwHrg=="],

    "typescript": ["typescript@5.9.3", "", { "bin": { "tsc": "bin/tsc", "tsserver": "bin/tsserver" } }, "sha512-jl1vZzPDinLr9eUt3J/t7V6FgNEw9QjvBPdysz9KfQDD41fQrC2Y4vKQdiaUpFT4bXlb1RHhLpp8wtm6M5TgSw=="],

    "uint8array-extras": ["uint8array-extras@1.5.0", "", {}, "sha512-rvKSBiC5zqCCiDZ9kAOszZcDvdAHwwIKJG33Ykj43OKcWsnmcBRL09YTU4nOeHZ8Y2a7l1MgTd08SBe9A8Qj6A=="],

    "undici-types": ["undici-types@7.14.0", "", {}, "sha512-QQiYxHuyZ9gQUIrmPo3IA+hUl4KYk8uSA7cHrcKd/l3p1OTpZcM0Tbp9x7FAtXdAYhlasd60ncPpgu6ihG6TOA=="],

    "valibot": ["valibot@1.1.0", "", { "peerDependencies": { "typescript": ">=5" }, "optionalPeers": ["typescript"] }, "sha512-Nk8lX30Qhu+9txPYTwM0cFlWLdPFsFr6LblzqIySfbZph9+BFsAHsNvHOymEviUepeIW6KFHzpX8TKhbptBXXw=="],

    "zod": ["zod@4.1.12", "", {}, "sha512-JInaHOamG8pt5+Ey8kGmdcAcg3OL9reK8ltczgHTAwNhMys/6ThXHityHxVV2p3fkw/c+MAvBHFVYHFZDmjMCQ=="],
  }
}
